
Microsoft Visual Studio Solution File, Format Version 12.00
# Visual Studio Version 17
VisualStudioVersion = 17.0.31919.166
MinimumVisualStudioVersion = 10.0.40219.1
Project("{FAE04EC0-301F-11D3-BF4B-00C04F79EFBC}") = "PricePredictionML", "PricePredictionML\PricePredictionML.csproj", "{AA10956B-E581-4956-A360-98DD0D059589}"
EndProject
Global
	GlobalSection(SolutionConfigurationPlatforms) = preSolution
		Debug|Any CPU = Debug|Any CPU
		Release|Any CPU = Release|Any CPU
	EndGlobalSection
	GlobalSection(ProjectConfigurationPlatforms) = postSolution
		{AA10956B-E581-4956-A360-98DD0D059589}.Debug|Any CPU.ActiveCfg = Debug|Any CPU
		{AA10956B-E581-4956-A360-98DD0D059589}.Debug|Any CPU.Build.0 = Debug|Any CPU
		{AA10956B-E581-4956-A360-98DD0D059589}.Release|Any CPU.ActiveCfg = Release|Any CPU
		{AA10956B-E581-4956-A360-98DD0D059589}.Release|Any CPU.Build.0 = Release|Any CPU
	EndGlobalSection
	GlobalSection(SolutionProperties) = preSolution
		HideSolutionNode = FALSE
	EndGlobalSection
	GlobalSection(ExtensibilityGlobals) = postSolution
		SolutionGuid = {50AF03C5-8AF1-425E-971F-16C4DD3BF2BF}
	EndGlobalSection
EndGlobal
